
Microsoft Visual Studio Solution File, Format Version 12.00
# Visual Studio 14
VisualStudioVersion = 14.0.23107.0
MinimumVisualStudioVersion = 10.0.40219.1
Project("{2150E333-8FDC-42A3-9474-1A3956D46DE8}") = "src", "src", "{46C75A4E-3020-4549-BE8A-8190279BF37F}"
EndProject
Project("{2150E333-8FDC-42A3-9474-1A3956D46DE8}") = "Solution Items", "Solution Items", "{B1CB80F5-3C84-4C1C-BAB5-713E76D7A112}"
	ProjectSection(SolutionItems) = preProject
		global.json = global.json
		NuGet.Config = NuGet.Config
	EndProjectSection
EndProject
Project("{8BB2217D-0F2D-49D1-97BC-3654ED321F3B}") = "Umbraco.Web.UI", "src\Umbraco.Web.UI\Umbraco.Web.UI.xproj", "{60E1924D-7AF7-40E2-ACAE-894D330C8D42}"
EndProject
Project("{8BB2217D-0F2D-49D1-97BC-3654ED321F3B}") = "Umbraco.Web", "src\Umbraco.Web\Umbraco.Web.xproj", "{551DC97F-AC96-4B45-9D18-F3AE7256AD76}"
EndProject
Global
	GlobalSection(SolutionConfigurationPlatforms) = preSolution
		Debug|Any CPU = Debug|Any CPU
		Release|Any CPU = Release|Any CPU
	EndGlobalSection
	GlobalSection(ProjectConfigurationPlatforms) = postSolution
		{60E1924D-7AF7-40E2-ACAE-894D330C8D42}.Debug|Any CPU.ActiveCfg = Debug|Any CPU
		{60E1924D-7AF7-40E2-ACAE-894D330C8D42}.Debug|Any CPU.Build.0 = Debug|Any CPU
		{60E1924D-7AF7-40E2-ACAE-894D330C8D42}.Release|Any CPU.ActiveCfg = Release|Any CPU
		{60E1924D-7AF7-40E2-ACAE-894D330C8D42}.Release|Any CPU.Build.0 = Release|Any CPU
		{551DC97F-AC96-4B45-9D18-F3AE7256AD76}.Debug|Any CPU.ActiveCfg = Debug|Any CPU
		{551DC97F-AC96-4B45-9D18-F3AE7256AD76}.Debug|Any CPU.Build.0 = Debug|Any CPU
		{551DC97F-AC96-4B45-9D18-F3AE7256AD76}.Release|Any CPU.ActiveCfg = Release|Any CPU
		{551DC97F-AC96-4B45-9D18-F3AE7256AD76}.Release|Any CPU.Build.0 = Release|Any CPU
	EndGlobalSection
	GlobalSection(SolutionProperties) = preSolution
		HideSolutionNode = FALSE
	EndGlobalSection
	GlobalSection(NestedProjects) = preSolution
		{60E1924D-7AF7-40E2-ACAE-894D330C8D42} = {46C75A4E-3020-4549-BE8A-8190279BF37F}
		{551DC97F-AC96-4B45-9D18-F3AE7256AD76} = {46C75A4E-3020-4549-BE8A-8190279BF37F}
	EndGlobalSection
EndGlobal
